
Microsoft Visual Studio Solution File, Format Version 12.00
# Visual Studio Version 16
VisualStudioVersion = 16.0.30804.86
MinimumVisualStudioVersion = 10.0.40219.1
Project("{FAE04EC0-301F-11D3-BF4B-00C04F79EFBC}") = "DateOfBirthCalculator", "DateOfBirthCalculator\DateOfBirthCalculator.csproj", "{12AD362B-7875-4C48-A925-D664D7F6A5E1}"
EndProject
Global
	GlobalSection(SolutionConfigurationPlatforms) = preSolution
		Debug|Any CPU = Debug|Any CPU
		Release|Any CPU = Release|Any CPU
	EndGlobalSection
	GlobalSection(ProjectConfigurationPlatforms) = postSolution
		{12AD362B-7875-4C48-A925-D664D7F6A5E1}.Debug|Any CPU.ActiveCfg = Debug|Any CPU
		{12AD362B-7875-4C48-A925-D664D7F6A5E1}.Debug|Any CPU.Build.0 = Debug|Any CPU
		{12AD362B-7875-4C48-A925-D664D7F6A5E1}.Release|Any CPU.ActiveCfg = Release|Any CPU
		{12AD362B-7875-4C48-A925-D664D7F6A5E1}.Release|Any CPU.Build.0 = Release|Any CPU
	EndGlobalSection
	GlobalSection(SolutionProperties) = preSolution
		HideSolutionNode = FALSE
	EndGlobalSection
	GlobalSection(ExtensibilityGlobals) = postSolution
		SolutionGuid = {4A690644-FB53-400D-AFB2-1CC890C4BC6B}
	EndGlobalSection
EndGlobal
